
Microsoft Visual Studio Solution File, Format Version 12.00
# Visual Studio Version 17
VisualStudioVersion = 17.10.34928.147
MinimumVisualStudioVersion = 10.0.40219.1
Project("{FAE04EC0-301F-11D3-BF4B-00C04F79EFBC}") = "Numbers", "Numbers.csproj", "{D95EF14D-79A4-4232-A152-0BB6B10F39B7}"
EndProject
Global
	GlobalSection(SolutionConfigurationPlatforms) = preSolution
		Debug|Any CPU = Debug|Any CPU
		Release|Any CPU = Release|Any CPU
	EndGlobalSection
	GlobalSection(ProjectConfigurationPlatforms) = postSolution
		{D95EF14D-79A4-4232-A152-0BB6B10F39B7}.Debug|Any CPU.ActiveCfg = Debug|Any CPU
		{D95EF14D-79A4-4232-A152-0BB6B10F39B7}.Debug|Any CPU.Build.0 = Debug|Any CPU
		{D95EF14D-79A4-4232-A152-0BB6B10F39B7}.Release|Any CPU.ActiveCfg = Release|Any CPU
		{D95EF14D-79A4-4232-A152-0BB6B10F39B7}.Release|Any CPU.Build.0 = Release|Any CPU
	EndGlobalSection
	GlobalSection(SolutionProperties) = preSolution
		HideSolutionNode = FALSE
	EndGlobalSection
	GlobalSection(ExtensibilityGlobals) = postSolution
		SolutionGuid = {E47DDF34-DBC5-464E-B375-F707BBA96351}
	EndGlobalSection
EndGlobal
